
Microsoft Visual Studio Solution File, Format Version 12.00
# Visual Studio Version 16
VisualStudioVersion = 16.0.29409.12
MinimumVisualStudioVersion = 10.0.40219.1
Project("{FAE04EC0-301F-11D3-BF4B-00C04F79EFBC}") = "StockHistoryCreator", "StockHistoryCreator\StockHistoryCreator.csproj", "{64ED3B09-921F-4622-9610-73980DC8FD2D}"
EndProject
Global
	GlobalSection(SolutionConfigurationPlatforms) = preSolution
		Debug|Any CPU = Debug|Any CPU
		Release|Any CPU = Release|Any CPU
	EndGlobalSection
	GlobalSection(ProjectConfigurationPlatforms) = postSolution
		{64ED3B09-921F-4622-9610-73980DC8FD2D}.Debug|Any CPU.ActiveCfg = Debug|Any CPU
		{64ED3B09-921F-4622-9610-73980DC8FD2D}.Debug|Any CPU.Build.0 = Debug|Any CPU
		{64ED3B09-921F-4622-9610-73980DC8FD2D}.Release|Any CPU.ActiveCfg = Release|Any CPU
		{64ED3B09-921F-4622-9610-73980DC8FD2D}.Release|Any CPU.Build.0 = Release|Any CPU
	EndGlobalSection
	GlobalSection(SolutionProperties) = preSolution
		HideSolutionNode = FALSE
	EndGlobalSection
	GlobalSection(ExtensibilityGlobals) = postSolution
		SolutionGuid = {3E16E9DC-E5B8-46C5-B5DD-23D4B9809A86}
	EndGlobalSection
EndGlobal
