
Microsoft Visual Studio Solution File, Format Version 12.00
# Visual Studio 15
VisualStudioVersion = 15.0.27703.2035
MinimumVisualStudioVersion = 10.0.40219.1
Project("{9A19103F-16F7-4668-BE54-9A1E7A4F7556}") = "WebApplication.Web", "WebApplication.Web\WebApplication.Web.csproj", "{43BBC033-0565-4395-A597-EB4563E08BDA}"
EndProject
Project("{9A19103F-16F7-4668-BE54-9A1E7A4F7556}") = "WebApplication.Tests", "WebApplication.Tests\WebApplication.Tests.csproj", "{FC4B9ADE-17D1-48A8-9298-5182955A593F}"
EndProject
Project("{2150E333-8FDC-42A3-9474-1A3956D46DE8}") = "Resources", "Resources", "{3D57A6DD-443D-472D-A2C0-01CF9A678AE3}"
	ProjectSection(SolutionItems) = preProject
		data.sql = data.sql
		README.md = README.md
		schema.sql = schema.sql
	EndProjectSection
EndProject
Global
	GlobalSection(SolutionConfigurationPlatforms) = preSolution
		Debug|Any CPU = Debug|Any CPU
		Release|Any CPU = Release|Any CPU
	EndGlobalSection
	GlobalSection(ProjectConfigurationPlatforms) = postSolution
		{43BBC033-0565-4395-A597-EB4563E08BDA}.Debug|Any CPU.ActiveCfg = Debug|Any CPU
		{43BBC033-0565-4395-A597-EB4563E08BDA}.Debug|Any CPU.Build.0 = Debug|Any CPU
		{43BBC033-0565-4395-A597-EB4563E08BDA}.Release|Any CPU.ActiveCfg = Release|Any CPU
		{43BBC033-0565-4395-A597-EB4563E08BDA}.Release|Any CPU.Build.0 = Release|Any CPU
		{FC4B9ADE-17D1-48A8-9298-5182955A593F}.Debug|Any CPU.ActiveCfg = Debug|Any CPU
		{FC4B9ADE-17D1-48A8-9298-5182955A593F}.Debug|Any CPU.Build.0 = Debug|Any CPU
		{FC4B9ADE-17D1-48A8-9298-5182955A593F}.Release|Any CPU.ActiveCfg = Release|Any CPU
		{FC4B9ADE-17D1-48A8-9298-5182955A593F}.Release|Any CPU.Build.0 = Release|Any CPU
	EndGlobalSection
	GlobalSection(SolutionProperties) = preSolution
		HideSolutionNode = FALSE
	EndGlobalSection
	GlobalSection(ExtensibilityGlobals) = postSolution
		SolutionGuid = {C232508B-FCBE-4131-AFBB-49F7A6B9F1E3}
	EndGlobalSection
EndGlobal
